lockfileVersion: 5.4

specifiers:
  '@types/node': ^20.11.9
  typescript: ^5.3.3

dependencies:
  '@types/node': 20.11.9
  typescript: 5.3.3

packages:

  /@types/node/20.11.9:
    resolution: {integrity: sha512-CQXNuMoS/VcoAMISe5pm4JnEd1Br5jildbQEToEMQvutmv+EaQr90ry9raiudgpyDuqFiV9e4rnjSfLNq12M5w==}
    dependencies:
      undici-types: 5.26.5
    dev: false

  /typescript/5.3.3:
    resolution: {integrity: sha512-pXWcraxM0uxAS+tN0AG/BF2TyqmHO014Z070UsJ+pFvYuRSq8KH8DmWpnbXe0pEPDHXZV3FcAbJkijJ5oNEnWw==}
    engines: {node: '>=14.17'}
    hasBin: true
    dev: false

  /undici-types/5.26.5:
    resolution: {integrity: sha512-JlCMO+ehdEIKqlFxk6IfVoAUVmgz7cU7zD/h9XZ0qzeosSHmUJVOzSQvvYSYWXkFXC+IfLKSIffhv0sVZup6pA==}
    dev: false
